
Microsoft Visual Studio Solution File, Format Version 12.00
# Visual Studio Version 17
VisualStudioVersion = 17.13.35828.75
MinimumVisualStudioVersion = 10.0.40219.1
Project("{FAE04EC0-301F-11D3-BF4B-00C04F79EFBC}") = "Clarity.Core", "Clarity.Core\Clarity.Core.csproj", "{7CF80D18-E681-4DB3-B5CA-DFECA4D06265}"
EndProject
Project("{FAE04EC0-301F-11D3-BF4B-00C04F79EFBC}") = "Clarity.MVC", "Clarity.MVC\Clarity.MVC.csproj", "{83762CC4-5E33-4F01-8F46-B73D0A66863C}"
EndProject
Global
	GlobalSection(SolutionConfigurationPlatforms) = preSolution
		Debug|Any CPU = Debug|Any CPU
		Release|Any CPU = Release|Any CPU
	EndGlobalSection
	GlobalSection(ProjectConfigurationPlatforms) = postSolution
		{7CF80D18-E681-4DB3-B5CA-DFECA4D06265}.Debug|Any CPU.ActiveCfg = Debug|Any CPU
		{7CF80D18-E681-4DB3-B5CA-DFECA4D06265}.Debug|Any CPU.Build.0 = Debug|Any CPU
		{7CF80D18-E681-4DB3-B5CA-DFECA4D06265}.Release|Any CPU.ActiveCfg = Release|Any CPU
		{7CF80D18-E681-4DB3-B5CA-DFECA4D06265}.Release|Any CPU.Build.0 = Release|Any CPU
		{83762CC4-5E33-4F01-8F46-B73D0A66863C}.Debug|Any CPU.ActiveCfg = Debug|Any CPU
		{83762CC4-5E33-4F01-8F46-B73D0A66863C}.Debug|Any CPU.Build.0 = Debug|Any CPU
		{83762CC4-5E33-4F01-8F46-B73D0A66863C}.Release|Any CPU.ActiveCfg = Release|Any CPU
		{83762CC4-5E33-4F01-8F46-B73D0A66863C}.Release|Any CPU.Build.0 = Release|Any CPU
	EndGlobalSection
	GlobalSection(SolutionProperties) = preSolution
		HideSolutionNode = FALSE
	EndGlobalSection
	GlobalSection(ExtensibilityGlobals) = postSolution
		SolutionGuid = {F7D95F93-1440-4E5F-845A-3E1C14BBFA13}
	EndGlobalSection
EndGlobal
